
Microsoft Visual Studio Solution File, Format Version 12.00
# Visual Studio 2013
VisualStudioVersion = 12.0.31101.0
MinimumVisualStudioVersion = 10.0.40219.1
Project("{FAE04EC0-301F-11D3-BF4B-00C04F79EFBC}") = "TidrapportProj", "Tidrapport\TidrapportProj.csproj", "{2835FDBA-96BA-4D5C-850D-A909BB12F4E3}"
EndProject
Project("{FAE04EC0-301F-11D3-BF4B-00C04F79EFBC}") = "TimeReport.Model", "TimeReport.Model\TimeReport.Model.csproj", "{DCB07E89-9735-4375-950E-6C9AB5E2A8B5}"
EndProject
Project("{FAE04EC0-301F-11D3-BF4B-00C04F79EFBC}") = "TimeReport.Data", "TimeReport.Data\TimeReport.Data.csproj", "{CA857E10-C18B-4AF0-AB6E-E3C6BAA0F4B7}"
EndProject
Project("{FAE04EC0-301F-11D3-BF4B-00C04F79EFBC}") = "TimeReport.Data.Contract", "TimeReport.Data.Contract\TimeReport.Data.Contract.csproj", "{0870C42F-AE87-4547-86FF-DCE15DE54221}"
EndProject
Project("{FAE04EC0-301F-11D3-BF4B-00C04F79EFBC}") = "TimeReport.Business.Contract", "TimeReport.Business.Contract\TimeReport.Business.Contract.csproj", "{C5DBCFF5-0CF7-4A2E-824C-B2183A8ADF55}"
EndProject
Project("{FAE04EC0-301F-11D3-BF4B-00C04F79EFBC}") = "TimeReport.Business", "TimeReport.Business\TimeReport.Business.csproj", "{1EDD8FA0-4BD8-4A13-A12B-BC8BF5D78C5B}"
EndProject
Global
	GlobalSection(SolutionConfigurationPlatforms) = preSolution
		Debug|Any CPU = Debug|Any CPU
		Release|Any CPU = Release|Any CPU
	EndGlobalSection
	GlobalSection(ProjectConfigurationPlatforms) = postSolution
		{2835FDBA-96BA-4D5C-850D-A909BB12F4E3}.Debug|Any CPU.ActiveCfg = Debug|Any CPU
		{2835FDBA-96BA-4D5C-850D-A909BB12F4E3}.Debug|Any CPU.Build.0 = Debug|Any CPU
		{2835FDBA-96BA-4D5C-850D-A909BB12F4E3}.Release|Any CPU.ActiveCfg = Release|Any CPU
		{2835FDBA-96BA-4D5C-850D-A909BB12F4E3}.Release|Any CPU.Build.0 = Release|Any CPU
		{DCB07E89-9735-4375-950E-6C9AB5E2A8B5}.Debug|Any CPU.ActiveCfg = Debug|Any CPU
		{DCB07E89-9735-4375-950E-6C9AB5E2A8B5}.Debug|Any CPU.Build.0 = Debug|Any CPU
		{DCB07E89-9735-4375-950E-6C9AB5E2A8B5}.Release|Any CPU.ActiveCfg = Release|Any CPU
		{DCB07E89-9735-4375-950E-6C9AB5E2A8B5}.Release|Any CPU.Build.0 = Release|Any CPU
		{CA857E10-C18B-4AF0-AB6E-E3C6BAA0F4B7}.Debug|Any CPU.ActiveCfg = Debug|Any CPU
		{CA857E10-C18B-4AF0-AB6E-E3C6BAA0F4B7}.Debug|Any CPU.Build.0 = Debug|Any CPU
		{CA857E10-C18B-4AF0-AB6E-E3C6BAA0F4B7}.Release|Any CPU.ActiveCfg = Release|Any CPU
		{CA857E10-C18B-4AF0-AB6E-E3C6BAA0F4B7}.Release|Any CPU.Build.0 = Release|Any CPU
		{0870C42F-AE87-4547-86FF-DCE15DE54221}.Debug|Any CPU.ActiveCfg = Debug|Any CPU
		{0870C42F-AE87-4547-86FF-DCE15DE54221}.Debug|Any CPU.Build.0 = Debug|Any CPU
		{0870C42F-AE87-4547-86FF-DCE15DE54221}.Release|Any CPU.ActiveCfg = Release|Any CPU
		{0870C42F-AE87-4547-86FF-DCE15DE54221}.Release|Any CPU.Build.0 = Release|Any CPU
		{C5DBCFF5-0CF7-4A2E-824C-B2183A8ADF55}.Debug|Any CPU.ActiveCfg = Debug|Any CPU
		{C5DBCFF5-0CF7-4A2E-824C-B2183A8ADF55}.Debug|Any CPU.Build.0 = Debug|Any CPU
		{C5DBCFF5-0CF7-4A2E-824C-B2183A8ADF55}.Release|Any CPU.ActiveCfg = Release|Any CPU
		{C5DBCFF5-0CF7-4A2E-824C-B2183A8ADF55}.Release|Any CPU.Build.0 = Release|Any CPU
		{1EDD8FA0-4BD8-4A13-A12B-BC8BF5D78C5B}.Debug|Any CPU.ActiveCfg = Debug|Any CPU
		{1EDD8FA0-4BD8-4A13-A12B-BC8BF5D78C5B}.Debug|Any CPU.Build.0 = Debug|Any CPU
		{1EDD8FA0-4BD8-4A13-A12B-BC8BF5D78C5B}.Release|Any CPU.ActiveCfg = Release|Any CPU
		{1EDD8FA0-4BD8-4A13-A12B-BC8BF5D78C5B}.Release|Any CPU.Build.0 = Release|Any CPU
	EndGlobalSection
	GlobalSection(SolutionProperties) = preSolution
		HideSolutionNode = FALSE
	EndGlobalSection
EndGlobal
